
Microsoft Visual Studio Solution File, Format Version 12.00
Project("{FAE04EC0-301F-11D3-BF4B-00C04F79EFBC}") = "CargoApp.Bll", "CargoApp.Bll\CargoApp.Bll.csproj", "{12A5064B-70E0-4643-BDA5-6CE6A0B51C65}"
EndProject
Global
	GlobalSection(SolutionConfigurationPlatforms) = preSolution
		Debug|Any CPU = Debug|Any CPU
		Release|Any CPU = Release|Any CPU
	EndGlobalSection
	GlobalSection(ProjectConfigurationPlatforms) = postSolution
		{12A5064B-70E0-4643-BDA5-6CE6A0B51C65}.Debug|Any CPU.ActiveCfg = Debug|Any CPU
		{12A5064B-70E0-4643-BDA5-6CE6A0B51C65}.Debug|Any CPU.Build.0 = Debug|Any CPU
		{12A5064B-70E0-4643-BDA5-6CE6A0B51C65}.Release|Any CPU.ActiveCfg = Release|Any CPU
		{12A5064B-70E0-4643-BDA5-6CE6A0B51C65}.Release|Any CPU.Build.0 = Release|Any CPU
	EndGlobalSection
EndGlobal
